// !$*UTF8*$!
{
	archiveVersion = 1;
	classes = {
	};
	objectVersion = 48;
	objects = {

/* Begin PBXBuildFile section */
		68CD3B9921DDD91A00C84B48 /* function.c in Sources */ = {isa = PBXBuildFile; fileRef = 68CD3B9821DDD91A00C84B48 /* function.c */; };
		68CD3BA121DDD9A400C84B48 /* main.c in Sources */ = {isa = PBXBuildFile; fileRef = 68CD3BA021DDD9A400C84B48 /* main.c */; };
/* End PBXBuildFile section */

/* Begin PBXCopyFilesBuildPhase section */
		68CD3B9321DDD91A00C84B48 /* CopyFiles */ = {
			isa = PBXCopyFilesBuildPhase;
			buildActionMask = 2147483647;
			dstPath = /usr/share/man/man1/;
			dstSubfolderSpec = 0;
			files = (
			);
			runOnlyForDeploymentPostprocessing = 1;
		};
/* End PBXCopyFilesBuildPhase section */

/* Begin PBXFileReference section */
		68CD3B9521DDD91A00C84B48 /* 20190103_Lab7_Delete Last Node */ = {isa = PBXFileReference; explicitFileType = "compiled.mach-o.executable"; includeInIndex = 0; path = "20190103_Lab7_Delete Last Node"; sourceTree = BUILT_PRODUCTS_DIR; };
		68CD3B9821DDD91A00C84B48 /* function.c */ = {isa = PBXFileReference; lastKnownFileType = sourcecode.c.c; path = function.c; sourceTree = "<group>"; };
		68CD3B9F21DDD9A400C84B48 /* function.h */ = {isa = PBXFileReference; fileEncoding = 4; lastKnownFileType = sourcecode.c.h; path = function.h; sourceTree = "<group>"; };
		68CD3BA021DDD9A400C84B48 /* main.c */ = {isa = PBXFileReference; fileEncoding = 4; lastKnownFileType = sourcecode.c.c; path = main.c; sourceTree = "<group>"; };
/* End PBXFileReference section */

/* Begin PBXFrameworksBuildPhase section */
		68CD3B9221DDD91A00C84B48 /* Frameworks */ = {
			isa = PBXFrameworksBuildPhase;
			buildActionMask = 2147483647;
			files = (
			);
			runOnlyForDeploymentPostprocessing = 0;
		};
/* End PBXFrameworksBuildPhase section */

/* Begin PBXGroup section */
		68CD3B8C21DDD91A00C84B48 = {
			isa = PBXGroup;
			children = (
				68CD3B9721DDD91A00C84B48 /* 20190103_Lab7_Delete Last Node */,
				68CD3B9621DDD91A00C84B48 /* Products */,
			);
			sourceTree = "<group>";
		};
		68CD3B9621DDD91A00C84B48 /* Products */ = {
			isa = PBXGroup;
			children = (
				68CD3B9521DDD91A00C84B48 /* 20190103_Lab7_Delete Last Node */,
			);
			name = Products;
			sourceTree = "<group>";
		};
		68CD3B9721DDD91A00C84B48 /* 20190103_Lab7_Delete Last Node */ = {
			isa = PBXGroup;
			children = (
				68CD3B9821DDD91A00C84B48 /* function.c */,
				68CD3B9F21DDD9A400C84B48 /* function.h */,
				68CD3BA021DDD9A400C84B48 /* main.c */,
			);
			path = "20190103_Lab7_Delete Last Node";
			sourceTree = "<group>";
		};
/* End PBXGroup section */

/* Begin PBXNativeTarget section */
		68CD3B9421DDD91A00C84B48 /* 20190103_Lab7_Delete Last Node */ = {
			isa = PBXNativeTarget;
			buildConfigurationList = 68CD3B9C21DDD91A00C84B48 /* Build configuration list for PBXNativeTarget "20190103_Lab7_Delete Last Node" */;
			buildPhases = (
				68CD3B9121DDD91A00C84B48 /* Sources */,
				68CD3B9221DDD91A00C84B48 /* Frameworks */,
				68CD3B9321DDD91A00C84B48 /* CopyFiles */,
			);
			buildRules = (
			);
			dependencies = (
			);
			name = "20190103_Lab7_Delete Last Node";
			productName = "20190103_Lab7_Delete Last Node";
			productReference = 68CD3B9521DDD91A00C84B48 /* 20190103_Lab7_Delete Last Node */;
			productType = "com.apple.product-type.tool";
		};
/* End PBXNativeTarget section */

/* Begin PBXProject section */
		68CD3B8D21DDD91A00C84B48 /* Project object */ = {
			isa = PBXProject;
			attributes = {
				LastUpgradeCheck = 0920;
				ORGANIZATIONNAME = "cs nthu";
				TargetAttributes = {
					68CD3B9421DDD91A00C84B48 = {
						CreatedOnToolsVersion = 9.2;
						ProvisioningStyle = Automatic;
					};
				};
			};
			buildConfigurationList = 68CD3B9021DDD91A00C84B48 /* Build configuration list for PBXProject "20190103_Lab7_Delete Last Node" */;
			compatibilityVersion = "Xcode 8.0";
			developmentRegion = en;
			hasScannedForEncodings = 0;
			knownRegions = (
				en,
			);
			mainGroup = 68CD3B8C21DDD91A00C84B48;
			productRefGroup = 68CD3B9621DDD91A00C84B48 /* Products */;
			projectDirPath = "";
			projectRoot = "";
			targets = (
				68CD3B9421DDD91A00C84B48 /* 20190103_Lab7_Delete Last Node */,
			);
		};
/* End PBXProject section */

/* Begin PBXSourcesBuildPhase section */
		68CD3B9121DDD91A00C84B48 /* Sources */ = {
			isa = PBXSourcesBuildPhase;
			buildActionMask = 2147483647;
			files = (
				68CD3BA121DDD9A400C84B48 /* main.c in Sources */,
				68CD3B9921DDD91A00C84B48 /* function.c in Sources */,
			);
			runOnlyForDeploymentPostprocessing = 0;
		};
/* End PBXSourcesBuildPhase section */

/* Begin XCBuildConfiguration section */
		68CD3B9A21DDD91A00C84B48 /* Debug */ = {
			isa = XCBuildConfiguration;
			buildSettings = {
				ALWAYS_SEARCH_USER_PATHS = NO;
				CLANG_ANALYZER_NONNULL = YES;
				CLANG_ANALYZER_NUMBER_OBJECT_CONVERSION = YES_AGGRESSIVE;
				CLANG_CXX_LANGUAGE_STANDARD = "gnu++14";
				CLANG_CXX_LIBRARY = "libc++";
				CLANG_ENABLE_MODULES = YES;
				CLANG_ENABLE_OBJC_ARC = YES;
				CLANG_WARN_BLOCK_CAPTURE_AUTORELEASING = YES;
				CLANG_WARN_BOOL_CONVERSION = YES;
				CLANG_WARN_COMMA = YES;
				CLANG_WARN_CONSTANT_CONVERSION = YES;
				CLANG_WARN_DIRECT_OBJC_ISA_USAGE = YES_ERROR;
				CLANG_WARN_DOCUMENTATION_COMMENTS = YES;
				CLANG_WARN_EMPTY_BODY = YES;
				CLANG_WARN_ENUM_CONVERSION = YES;
				CLANG_WARN_INFINITE_RECURSION = YES;
				CLANG_WARN_INT_CONVERSION = YES;
				CLANG_WARN_NON_LITERAL_NULL_CONVERSION = YES;
				CLANG_WARN_OBJC_LITERAL_CONVERSION = YES;
				CLANG_WARN_OBJC_ROOT_CLASS = YES_ERROR;
				CLANG_WARN_RANGE_LOOP_ANALYSIS = YES;
				CLANG_WARN_STRICT_PROTOTYPES = YES;
				CLANG_WARN_SUSPICIOUS_MOVE = YES;
				CLANG_WARN_UNGUARDED_AVAILABILITY = YES_AGGRESSIVE;
				CLANG_WARN_UNREACHABLE_CODE = YES;
				CLANG_WARN__DUPLICATE_METHOD_MATCH = YES;
				CODE_SIGN_IDENTITY = "-";
				COPY_PHASE_STRIP = NO;
				DEBUG_INFORMATION_FORMAT = dwarf;
				ENABLE_STRICT_OBJC_MSGSEND = YES;
				ENABLE_TESTABILITY = YES;
				GCC_C_LANGUAGE_STANDARD = gnu11;
				GCC_DYNAMIC_NO_PIC = NO;
				GCC_NO_COMMON_BLOCKS = YES;
				GCC_OPTIMIZATION_LEVEL = 0;
				GCC_PREPROCESSOR_DEFINITIONS = (
					"DEBUG=1",
					"$(inherited)",
				);
				GCC_WARN_64_TO_32_BIT_CONVERSION = YES;
				GCC_WARN_ABOUT_RETURN_TYPE = YES_ERROR;
				GCC_WARN_UNDECLARED_SELECTOR = YES;
				GCC_WARN_UNINITIALIZED_AUTOS = YES_AGGRESSIVE;
				GCC_WARN_UNUSED_FUNCTION = YES;
				GCC_WARN_UNUSED_VARIABLE = YES;
				MACOSX_DEPLOYMENT_TARGET = 10.13;
				MTL_ENABLE_DEBUG_INFO = YES;
				ONLY_ACTIVE_ARCH = YES;
				SDKROOT = macosx;
			};
			name = Debug;
		};
		68CD3B9B21DDD91A00C84B48 /* Release */ = {
			isa = XCBuildConfiguration;
			buildSettings = {
				ALWAYS_SEARCH_USER_PATHS = NO;
				CLANG_ANALYZER_NONNULL = YES;
				CLANG_ANALYZER_NUMBER_OBJECT_CONVERSION = YES_AGGRESSIVE;
				CLANG_CXX_LANGUAGE_STANDARD = "gnu++14";
				CLANG_CXX_LIBRARY = "libc++";
				CLANG_ENABLE_MODULES = YES;
				CLANG_ENABLE_OBJC_ARC = YES;
				CLANG_WARN_BLOCK_CAPTURE_AUTORELEASING = YES;
				CLANG_WARN_BOOL_CONVERSION = YES;
				CLANG_WARN_COMMA = YES;
				CLANG_WARN_CONSTANT_CONVERSION = YES;
				CLANG_WARN_DIRECT_OBJC_ISA_USAGE = YES_ERROR;
				CLANG_WARN_DOCUMENTATION_COMMENTS = YES;
				CLANG_WARN_EMPTY_BODY = YES;
				CLANG_WARN_ENUM_CONVERSION = YES;
				CLANG_WARN_INFINITE_RECURSION = YES;
				CLANG_WARN_INT_CONVERSION = YES;
				CLANG_WARN_NON_LITERAL_NULL_CONVERSION = YES;
				CLANG_WARN_OBJC_LITERAL_CONVERSION = YES;
				CLANG_WARN_OBJC_ROOT_CLASS = YES_ERROR;
				CLANG_WARN_RANGE_LOOP_ANALYSIS = YES;
				CLANG_WARN_STRICT_PROTOTYPES = YES;
				CLANG_WARN_SUSPICIOUS_MOVE = YES;
				CLANG_WARN_UNGUARDED_AVAILABILITY = YES_AGGRESSIVE;
				CLANG_WARN_UNREACHABLE_CODE = YES;
				CLANG_WARN__DUPLICATE_METHOD_MATCH = YES;
				CODE_SIGN_IDENTITY = "-";
				COPY_PHASE_STRIP = NO;
				DEBUG_INFORMATION_FORMAT = "dwarf-with-dsym";
				ENABLE_NS_ASSERTIONS = NO;
				ENABLE_STRICT_OBJC_MSGSEND = YES;
				GCC_C_LANGUAGE_STANDARD = gnu11;
				GCC_NO_COMMON_BLOCKS = YES;
				GCC_WARN_64_TO_32_BIT_CONVERSION = YES;
				GCC_WARN_ABOUT_RETURN_TYPE = YES_ERROR;
				GCC_WARN_UNDECLARED_SELECTOR = YES;
				GCC_WARN_UNINITIALIZED_AUTOS = YES_AGGRESSIVE;
				GCC_WARN_UNUSED_FUNCTION = YES;
				GCC_WARN_UNUSED_VARIABLE = YES;
				MACOSX_DEPLOYMENT_TARGET = 10.13;
				MTL_ENABLE_DEBUG_INFO = NO;
				SDKROOT = macosx;
			};
			name = Release;
		};
		68CD3B9D21DDD91A00C84B48 /* Debug */ = {
			isa = XCBuildConfiguration;
			buildSettings = {
				CODE_SIGN_STYLE = Automatic;
				PRODUCT_NAME = "$(TARGET_NAME)";
			};
			name = Debug;
		};
		68CD3B9E21DDD91A00C84B48 /* Release */ = {
			isa = XCBuildConfiguration;
			buildSettings = {
				CODE_SIGN_STYLE = Automatic;
				PRODUCT_NAME = "$(TARGET_NAME)";
			};
			name = Release;
		};
/* End XCBuildConfiguration section */

/* Begin XCConfigurationList section */
		68CD3B9021DDD91A00C84B48 /* Build configuration list for PBXProject "20190103_Lab7_Delete Last Node" */ = {
			isa = XCConfigurationList;
			buildConfigurations = (
				68CD3B9A21DDD91A00C84B48 /* Debug */,
				68CD3B9B21DDD91A00C84B48 /* Release */,
			);
			defaultConfigurationIsVisible = 0;
			defaultConfigurationName = Release;
		};
		68CD3B9C21DDD91A00C84B48 /* Build configuration list for PBXNativeTarget "20190103_Lab7_Delete Last Node" */ = {
			isa = XCConfigurationList;
			buildConfigurations = (
				68CD3B9D21DDD91A00C84B48 /* Debug */,
				68CD3B9E21DDD91A00C84B48 /* Release */,
			);
			defaultConfigurationIsVisible = 0;
			defaultConfigurationName = Release;
		};
/* End XCConfigurationList section */
	};
	rootObject = 68CD3B8D21DDD91A00C84B48 /* Project object */;
}
